
Microsoft Visual Studio Solution File, Format Version 12.00
# Visual Studio Version 17
VisualStudioVersion = 17.4.33213.308
MinimumVisualStudioVersion = 10.0.40219.1
Project("{FAE04EC0-301F-11D3-BF4B-00C04F79EFBC}") = "Booking", "Booking\Booking.csproj", "{B17E62C7-0DF4-4E61-9329-75EF3E7E33FB}"
EndProject
Global
	GlobalSection(SolutionConfigurationPlatforms) = preSolution
		Debug|Any CPU = Debug|Any CPU
		Release|Any CPU = Release|Any CPU
	EndGlobalSection
	GlobalSection(ProjectConfigurationPlatforms) = postSolution
		{B17E62C7-0DF4-4E61-9329-75EF3E7E33FB}.Debug|Any CPU.ActiveCfg = Debug|Any CPU
		{B17E62C7-0DF4-4E61-9329-75EF3E7E33FB}.Debug|Any CPU.Build.0 = Debug|Any CPU
		{B17E62C7-0DF4-4E61-9329-75EF3E7E33FB}.Release|Any CPU.ActiveCfg = Release|Any CPU
		{B17E62C7-0DF4-4E61-9329-75EF3E7E33FB}.Release|Any CPU.Build.0 = Release|Any CPU
	EndGlobalSection
	GlobalSection(SolutionProperties) = preSolution
		HideSolutionNode = FALSE
	EndGlobalSection
	GlobalSection(ExtensibilityGlobals) = postSolution
		SolutionGuid = {21781E46-4E31-4A53-B5D2-2D8D16AB2F4C}
	EndGlobalSection
EndGlobal
